
Microsoft Visual Studio Solution File, Format Version 12.00
# Visual Studio 15
VisualStudioVersion = 15.0.28307.1000
MinimumVisualStudioVersion = 10.0.40219.1
Project("{FAE04EC0-301F-11D3-BF4B-00C04F79EFBC}") = "learn-how-to-code-solution", "learn-how-to-code-solution\learn-how-to-code-solution.csproj", "{DABEE70D-2BC8-460C-903C-79AC58510D77}"
EndProject
Project("{FAE04EC0-301F-11D3-BF4B-00C04F79EFBC}") = "VariablesLecture", "..\VariablesLecture\VariablesLecture.csproj", "{432DC579-A0F5-4779-9205-D5986EFDDD7F}"
EndProject
Project("{FAE04EC0-301F-11D3-BF4B-00C04F79EFBC}") = "OperatorsLecture", "OperatorsLecture\OperatorsLecture.csproj", "{0338B778-8E17-4D59-8FE6-63874BC8ECC7}"
EndProject
Project("{FAE04EC0-301F-11D3-BF4B-00C04F79EFBC}") = "UserInputLecture", "UserInputLecture\UserInputLecture.csproj", "{BF60EB5F-9232-4ADA-9426-17E3078D373E}"
EndProject
Project("{FAE04EC0-301F-11D3-BF4B-00C04F79EFBC}") = "UserInputLecture2", "UserInputLecture2\UserInputLecture2.csproj", "{1F43E25F-3409-463B-97AB-7C195CEA9B45}"
EndProject
Project("{FAE04EC0-301F-11D3-BF4B-00C04F79EFBC}") = "UserInputLecture3", "UserInputLecture3\UserInputLecture3.csproj", "{16A852F0-8EFC-45D4-8850-66512EC28E33}"
EndProject
Project("{FAE04EC0-301F-11D3-BF4B-00C04F79EFBC}") = "Exercise1", "Exercise1\Exercise1.csproj", "{15686E25-1F07-4926-B0AE-27D43EBFB27C}"
EndProject
Project("{FAE04EC0-301F-11D3-BF4B-00C04F79EFBC}") = "BooleanLogicLecture", "BooleanLogicLecture\BooleanLogicLecture.csproj", "{88135C80-BC84-4B62-B760-896F9F94C22A}"
EndProject
Project("{FAE04EC0-301F-11D3-BF4B-00C04F79EFBC}") = "BooleanLogicLecture2", "BooleanLogicLecture2\BooleanLogicLecture2.csproj", "{1FCBAA45-0ED9-4C89-B86D-E1EEC10D59DE}"
EndProject
Project("{FAE04EC0-301F-11D3-BF4B-00C04F79EFBC}") = "DecisionStatementsLecture", "DecisionStatementsLecture\DecisionStatementsLecture.csproj", "{ED8BEB06-2708-44A9-9BCB-A861043C93BE}"
EndProject
Project("{FAE04EC0-301F-11D3-BF4B-00C04F79EFBC}") = "DecisionStatementsLecture2", "DecisionStatementsLecture2\DecisionStatementsLecture2.csproj", "{AA86A70B-8DF1-4E51-B89A-8908B1F50733}"
EndProject
Project("{FAE04EC0-301F-11D3-BF4B-00C04F79EFBC}") = "DecisionStatementsLecture3", "DecisionStatementsLecture3\DecisionStatementsLecture3.csproj", "{5C09942A-A1C3-4E44-97A6-00ED1148C1F6}"
EndProject
Project("{FAE04EC0-301F-11D3-BF4B-00C04F79EFBC}") = "DecisionStatementsLecture4", "DecisionStatementsLecture4\DecisionStatementsLecture4.csproj", "{7E19B58F-430C-4707-8A1B-E4595F06CB84}"
EndProject
Project("{FAE04EC0-301F-11D3-BF4B-00C04F79EFBC}") = "DecisionStatementsLecture5", "DecisionStatementsLecture5\DecisionStatementsLecture5.csproj", "{81DF70A6-B41F-41AD-9AB4-3367957FF437}"
EndProject
Project("{FAE04EC0-301F-11D3-BF4B-00C04F79EFBC}") = "IterationStatementsLecture", "IterationStatementsLecture\IterationStatementsLecture.csproj", "{298979BB-16B4-431A-9E19-5F39A86356A2}"
EndProject
Project("{FAE04EC0-301F-11D3-BF4B-00C04F79EFBC}") = "IterationStatementsLecture2", "IterationStatementsLecture2\IterationStatementsLecture2.csproj", "{43B0F7F3-F4FD-4F0E-846B-3EE27BA52D8E}"
EndProject
Project("{FAE04EC0-301F-11D3-BF4B-00C04F79EFBC}") = "IterationStatementsLecture3", "IterationStatementsLecture3\IterationStatementsLecture3.csproj", "{E76F7462-1109-4A2A-A089-0CD65548625F}"
EndProject
Global
	GlobalSection(SolutionConfigurationPlatforms) = preSolution
		Debug|Any CPU = Debug|Any CPU
		Release|Any CPU = Release|Any CPU
	EndGlobalSection
	GlobalSection(ProjectConfigurationPlatforms) = postSolution
		{DABEE70D-2BC8-460C-903C-79AC58510D77}.Debug|Any CPU.ActiveCfg = Debug|Any CPU
		{DABEE70D-2BC8-460C-903C-79AC58510D77}.Debug|Any CPU.Build.0 = Debug|Any CPU
		{DABEE70D-2BC8-460C-903C-79AC58510D77}.Release|Any CPU.ActiveCfg = Release|Any CPU
		{DABEE70D-2BC8-460C-903C-79AC58510D77}.Release|Any CPU.Build.0 = Release|Any CPU
		{432DC579-A0F5-4779-9205-D5986EFDDD7F}.Debug|Any CPU.ActiveCfg = Debug|Any CPU
		{432DC579-A0F5-4779-9205-D5986EFDDD7F}.Debug|Any CPU.Build.0 = Debug|Any CPU
		{432DC579-A0F5-4779-9205-D5986EFDDD7F}.Release|Any CPU.ActiveCfg = Release|Any CPU
		{432DC579-A0F5-4779-9205-D5986EFDDD7F}.Release|Any CPU.Build.0 = Release|Any CPU
		{0338B778-8E17-4D59-8FE6-63874BC8ECC7}.Debug|Any CPU.ActiveCfg = Debug|Any CPU
		{0338B778-8E17-4D59-8FE6-63874BC8ECC7}.Debug|Any CPU.Build.0 = Debug|Any CPU
		{0338B778-8E17-4D59-8FE6-63874BC8ECC7}.Release|Any CPU.ActiveCfg = Release|Any CPU
		{0338B778-8E17-4D59-8FE6-63874BC8ECC7}.Release|Any CPU.Build.0 = Release|Any CPU
		{BF60EB5F-9232-4ADA-9426-17E3078D373E}.Debug|Any CPU.ActiveCfg = Debug|Any CPU
		{BF60EB5F-9232-4ADA-9426-17E3078D373E}.Debug|Any CPU.Build.0 = Debug|Any CPU
		{BF60EB5F-9232-4ADA-9426-17E3078D373E}.Release|Any CPU.ActiveCfg = Release|Any CPU
		{BF60EB5F-9232-4ADA-9426-17E3078D373E}.Release|Any CPU.Build.0 = Release|Any CPU
		{1F43E25F-3409-463B-97AB-7C195CEA9B45}.Debug|Any CPU.ActiveCfg = Debug|Any CPU
		{1F43E25F-3409-463B-97AB-7C195CEA9B45}.Debug|Any CPU.Build.0 = Debug|Any CPU
		{1F43E25F-3409-463B-97AB-7C195CEA9B45}.Release|Any CPU.ActiveCfg = Release|Any CPU
		{1F43E25F-3409-463B-97AB-7C195CEA9B45}.Release|Any CPU.Build.0 = Release|Any CPU
		{16A852F0-8EFC-45D4-8850-66512EC28E33}.Debug|Any CPU.ActiveCfg = Debug|Any CPU
		{16A852F0-8EFC-45D4-8850-66512EC28E33}.Debug|Any CPU.Build.0 = Debug|Any CPU
		{16A852F0-8EFC-45D4-8850-66512EC28E33}.Release|Any CPU.ActiveCfg = Release|Any CPU
		{16A852F0-8EFC-45D4-8850-66512EC28E33}.Release|Any CPU.Build.0 = Release|Any CPU
		{15686E25-1F07-4926-B0AE-27D43EBFB27C}.Debug|Any CPU.ActiveCfg = Debug|Any CPU
		{15686E25-1F07-4926-B0AE-27D43EBFB27C}.Debug|Any CPU.Build.0 = Debug|Any CPU
		{15686E25-1F07-4926-B0AE-27D43EBFB27C}.Release|Any CPU.ActiveCfg = Release|Any CPU
		{15686E25-1F07-4926-B0AE-27D43EBFB27C}.Release|Any CPU.Build.0 = Release|Any CPU
		{88135C80-BC84-4B62-B760-896F9F94C22A}.Debug|Any CPU.ActiveCfg = Debug|Any CPU
		{88135C80-BC84-4B62-B760-896F9F94C22A}.Debug|Any CPU.Build.0 = Debug|Any CPU
		{88135C80-BC84-4B62-B760-896F9F94C22A}.Release|Any CPU.ActiveCfg = Release|Any CPU
		{88135C80-BC84-4B62-B760-896F9F94C22A}.Release|Any CPU.Build.0 = Release|Any CPU
		{1FCBAA45-0ED9-4C89-B86D-E1EEC10D59DE}.Debug|Any CPU.ActiveCfg = Debug|Any CPU
		{1FCBAA45-0ED9-4C89-B86D-E1EEC10D59DE}.Debug|Any CPU.Build.0 = Debug|Any CPU
		{1FCBAA45-0ED9-4C89-B86D-E1EEC10D59DE}.Release|Any CPU.ActiveCfg = Release|Any CPU
		{1FCBAA45-0ED9-4C89-B86D-E1EEC10D59DE}.Release|Any CPU.Build.0 = Release|Any CPU
		{ED8BEB06-2708-44A9-9BCB-A861043C93BE}.Debug|Any CPU.ActiveCfg = Debug|Any CPU
		{ED8BEB06-2708-44A9-9BCB-A861043C93BE}.Debug|Any CPU.Build.0 = Debug|Any CPU
		{ED8BEB06-2708-44A9-9BCB-A861043C93BE}.Release|Any CPU.ActiveCfg = Release|Any CPU
		{ED8BEB06-2708-44A9-9BCB-A861043C93BE}.Release|Any CPU.Build.0 = Release|Any CPU
		{AA86A70B-8DF1-4E51-B89A-8908B1F50733}.Debug|Any CPU.ActiveCfg = Debug|Any CPU
		{AA86A70B-8DF1-4E51-B89A-8908B1F50733}.Debug|Any CPU.Build.0 = Debug|Any CPU
		{AA86A70B-8DF1-4E51-B89A-8908B1F50733}.Release|Any CPU.ActiveCfg = Release|Any CPU
		{AA86A70B-8DF1-4E51-B89A-8908B1F50733}.Release|Any CPU.Build.0 = Release|Any CPU
		{5C09942A-A1C3-4E44-97A6-00ED1148C1F6}.Debug|Any CPU.ActiveCfg = Debug|Any CPU
		{5C09942A-A1C3-4E44-97A6-00ED1148C1F6}.Debug|Any CPU.Build.0 = Debug|Any CPU
		{5C09942A-A1C3-4E44-97A6-00ED1148C1F6}.Release|Any CPU.ActiveCfg = Release|Any CPU
		{5C09942A-A1C3-4E44-97A6-00ED1148C1F6}.Release|Any CPU.Build.0 = Release|Any CPU
		{7E19B58F-430C-4707-8A1B-E4595F06CB84}.Debug|Any CPU.ActiveCfg = Debug|Any CPU
		{7E19B58F-430C-4707-8A1B-E4595F06CB84}.Debug|Any CPU.Build.0 = Debug|Any CPU
		{7E19B58F-430C-4707-8A1B-E4595F06CB84}.Release|Any CPU.ActiveCfg = Release|Any CPU
		{7E19B58F-430C-4707-8A1B-E4595F06CB84}.Release|Any CPU.Build.0 = Release|Any CPU
		{81DF70A6-B41F-41AD-9AB4-3367957FF437}.Debug|Any CPU.ActiveCfg = Debug|Any CPU
		{81DF70A6-B41F-41AD-9AB4-3367957FF437}.Debug|Any CPU.Build.0 = Debug|Any CPU
		{81DF70A6-B41F-41AD-9AB4-3367957FF437}.Release|Any CPU.ActiveCfg = Release|Any CPU
		{81DF70A6-B41F-41AD-9AB4-3367957FF437}.Release|Any CPU.Build.0 = Release|Any CPU
		{298979BB-16B4-431A-9E19-5F39A86356A2}.Debug|Any CPU.ActiveCfg = Debug|Any CPU
		{298979BB-16B4-431A-9E19-5F39A86356A2}.Debug|Any CPU.Build.0 = Debug|Any CPU
		{298979BB-16B4-431A-9E19-5F39A86356A2}.Release|Any CPU.ActiveCfg = Release|Any CPU
		{298979BB-16B4-431A-9E19-5F39A86356A2}.Release|Any CPU.Build.0 = Release|Any CPU
		{43B0F7F3-F4FD-4F0E-846B-3EE27BA52D8E}.Debug|Any CPU.ActiveCfg = Debug|Any CPU
		{43B0F7F3-F4FD-4F0E-846B-3EE27BA52D8E}.Debug|Any CPU.Build.0 = Debug|Any CPU
		{43B0F7F3-F4FD-4F0E-846B-3EE27BA52D8E}.Release|Any CPU.ActiveCfg = Release|Any CPU
		{43B0F7F3-F4FD-4F0E-846B-3EE27BA52D8E}.Release|Any CPU.Build.0 = Release|Any CPU
		{E76F7462-1109-4A2A-A089-0CD65548625F}.Debug|Any CPU.ActiveCfg = Debug|Any CPU
		{E76F7462-1109-4A2A-A089-0CD65548625F}.Debug|Any CPU.Build.0 = Debug|Any CPU
		{E76F7462-1109-4A2A-A089-0CD65548625F}.Release|Any CPU.ActiveCfg = Release|Any CPU
		{E76F7462-1109-4A2A-A089-0CD65548625F}.Release|Any CPU.Build.0 = Release|Any CPU
	EndGlobalSection
	GlobalSection(SolutionProperties) = preSolution
		HideSolutionNode = FALSE
	EndGlobalSection
	GlobalSection(ExtensibilityGlobals) = postSolution
		SolutionGuid = {3A07FDD9-AA80-48E3-A372-3415FF1C9880}
	EndGlobalSection
EndGlobal
