
Microsoft Visual Studio Solution File, Format Version 12.00
# Visual Studio 15
VisualStudioVersion = 15.0.28307.1000
MinimumVisualStudioVersion = 10.0.40219.1
Project("{FAE04EC0-301F-11D3-BF4B-00C04F79EFBC}") = "learn-how-to-code-solution", "learn-how-to-code-solution\learn-how-to-code-solution.csproj", "{DABEE70D-2BC8-460C-903C-79AC58510D77}"
EndProject
Project("{FAE04EC0-301F-11D3-BF4B-00C04F79EFBC}") = "VariablesLecture", "VariablesLecture\VariablesLecture.csproj", "{432DC579-A0F5-4779-9205-D5986EFDDD7F}"
EndProject
Project("{FAE04EC0-301F-11D3-BF4B-00C04F79EFBC}") = "OperatorsLecture", "OperatorsLecture\OperatorsLecture.csproj", "{0338B778-8E17-4D59-8FE6-63874BC8ECC7}"
EndProject
Project("{FAE04EC0-301F-11D3-BF4B-00C04F79EFBC}") = "UserInputLecture", "UserInputLecture\UserInputLecture.csproj", "{BF60EB5F-9232-4ADA-9426-17E3078D373E}"
EndProject
Project("{FAE04EC0-301F-11D3-BF4B-00C04F79EFBC}") = "UserInputLecture2", "UserInputLecture2\UserInputLecture2.csproj", "{1F43E25F-3409-463B-97AB-7C195CEA9B45}"
EndProject
Project("{FAE04EC0-301F-11D3-BF4B-00C04F79EFBC}") = "UserInputLecture3", "UserInputLecture3\UserInputLecture3.csproj", "{16A852F0-8EFC-45D4-8850-66512EC28E33}"
EndProject
Project("{FAE04EC0-301F-11D3-BF4B-00C04F79EFBC}") = "Exercise1", "Exercise1\Exercise1.csproj", "{15686E25-1F07-4926-B0AE-27D43EBFB27C}"
EndProject
Project("{FAE04EC0-301F-11D3-BF4B-00C04F79EFBC}") = "BooleanLogicLecture", "BooleanLogicLecture\BooleanLogicLecture.csproj", "{88135C80-BC84-4B62-B760-896F9F94C22A}"
EndProject
Project("{FAE04EC0-301F-11D3-BF4B-00C04F79EFBC}") = "BooleanLogicLecture2", "BooleanLogicLecture2\BooleanLogicLecture2.csproj", "{1FCBAA45-0ED9-4C89-B86D-E1EEC10D59DE}"
EndProject
Project("{FAE04EC0-301F-11D3-BF4B-00C04F79EFBC}") = "DecisionStatementsLecture", "DecisionStatementsLecture\DecisionStatementsLecture.csproj", "{ED8BEB06-2708-44A9-9BCB-A861043C93BE}"
EndProject
Project("{FAE04EC0-301F-11D3-BF4B-00C04F79EFBC}") = "DecisionStatementsLecture2", "DecisionStatementsLecture2\DecisionStatementsLecture2.csproj", "{AA86A70B-8DF1-4E51-B89A-8908B1F50733}"
EndProject
Project("{FAE04EC0-301F-11D3-BF4B-00C04F79EFBC}") = "DecisionStatementsLecture3", "DecisionStatementsLecture3\DecisionStatementsLecture3.csproj", "{5C09942A-A1C3-4E44-97A6-00ED1148C1F6}"
EndProject
Project("{FAE04EC0-301F-11D3-BF4B-00C04F79EFBC}") = "DecisionStatementsLecture4", "DecisionStatementsLecture4\DecisionStatementsLecture4.csproj", "{7E19B58F-430C-4707-8A1B-E4595F06CB84}"
EndProject
Project("{FAE04EC0-301F-11D3-BF4B-00C04F79EFBC}") = "DecisionStatementsLecture5", "DecisionStatementsLecture5\DecisionStatementsLecture5.csproj", "{81DF70A6-B41F-41AD-9AB4-3367957FF437}"
EndProject
Project("{FAE04EC0-301F-11D3-BF4B-00C04F79EFBC}") = "IterationStatementsLecture", "IterationStatementsLecture\IterationStatementsLecture.csproj", "{298979BB-16B4-431A-9E19-5F39A86356A2}"
EndProject
Project("{FAE04EC0-301F-11D3-BF4B-00C04F79EFBC}") = "IterationStatementsLecture2", "IterationStatementsLecture2\IterationStatementsLecture2.csproj", "{43B0F7F3-F4FD-4F0E-846B-3EE27BA52D8E}"
EndProject
Project("{FAE04EC0-301F-11D3-BF4B-00C04F79EFBC}") = "IterationStatementsLecture3", "IterationStatementsLecture3\IterationStatementsLecture3.csproj", "{E76F7462-1109-4A2A-A089-0CD65548625F}"
EndProject
Project("{FAE04EC0-301F-11D3-BF4B-00C04F79EFBC}") = "Exercise2", "Exercise2\Exercise2.csproj", "{BB2D2932-8984-4C65-8809-FE0852B126AF}"
EndProject
Project("{FAE04EC0-301F-11D3-BF4B-00C04F79EFBC}") = "Exercise3", "Exercise3\Exercise3.csproj", "{CB950A05-8411-4098-AF8E-CB036131C12A}"
EndProject
Project("{FAE04EC0-301F-11D3-BF4B-00C04F79EFBC}") = "Exercise4", "Exercise4\Exercise4.csproj", "{30BEC62C-B839-450F-BC41-02C4CCA1892C}"
EndProject
Project("{FAE04EC0-301F-11D3-BF4B-00C04F79EFBC}") = "IntroMethodsLecture", "IntroMethodsLecture\IntroMethodsLecture.csproj", "{D4B2319F-9CBE-418F-BB95-2FF493F78697}"
EndProject
Project("{FAE04EC0-301F-11D3-BF4B-00C04F79EFBC}") = "ReturningPassingDataLecture", "ReturningPassingDataLecture\ReturningPassingDataLecture.csproj", "{1859C8D2-B430-475C-BBDD-78AF7A32BEAD}"
EndProject
Project("{FAE04EC0-301F-11D3-BF4B-00C04F79EFBC}") = "ReturningPassingDataLecture2", "ReturningPassingDataLecture2\ReturningPassingDataLecture2.csproj", "{2822DC2E-610A-4394-BF20-9655D23BB55B}"
EndProject
Project("{FAE04EC0-301F-11D3-BF4B-00C04F79EFBC}") = "ReturningPassingDataLecture3", "ReturningPassingDataLecture3\ReturningPassingDataLecture3.csproj", "{A7E5E3AC-B829-4E63-847D-65FEEFAB8BEF}"
EndProject
Project("{FAE04EC0-301F-11D3-BF4B-00C04F79EFBC}") = "OverloadingAndOptionalParametersLecture", "OverloadingAndOptionalParametersLecture\OverloadingAndOptionalParametersLecture.csproj", "{CF0F6198-9B86-46D3-9F98-9ACA2DBF14BD}"
EndProject
Project("{FAE04EC0-301F-11D3-BF4B-00C04F79EFBC}") = "OverloadingAndOptionalParametersLecture2", "OverloadingAndOptionalParametersLecture2\OverloadingAndOptionalParametersLecture2.csproj", "{534AF998-8C6E-44AE-BEF9-A4863D640FBB}"
EndProject
Project("{FAE04EC0-301F-11D3-BF4B-00C04F79EFBC}") = "ReferenceParametersLecture", "ReferenceParametersLecture\ReferenceParametersLecture.csproj", "{24DEB462-0B68-4C83-8A00-EB92878BDF91}"
EndProject
Project("{FAE04EC0-301F-11D3-BF4B-00C04F79EFBC}") = "Exercise5", "Exercise5\Exercise5.csproj", "{51A63202-E398-4AE4-B546-0FBB461C77FE}"
EndProject
Project("{FAE04EC0-301F-11D3-BF4B-00C04F79EFBC}") = "Exercise6", "Exercise6\Exercise6.csproj", "{6E566BA4-507E-4713-9552-3FAE4F14BC93}"
EndProject
Project("{FAE04EC0-301F-11D3-BF4B-00C04F79EFBC}") = "Exercise7", "Exercise7\Exercise7.csproj", "{85D4B79C-BF03-4B35-8BE0-80D2901AEA01}"
EndProject
Project("{FAE04EC0-301F-11D3-BF4B-00C04F79EFBC}") = "StringManipulationLecture", "StringManipulationLecture\StringManipulationLecture.csproj", "{96E808AC-5788-45A7-88CC-9DCD22D0C510}"
EndProject
Project("{FAE04EC0-301F-11D3-BF4B-00C04F79EFBC}") = "StringManipulationLecture2", "StringManipulationLecture2\StringManipulationLecture2.csproj", "{F2CEDE14-7DEF-4AF5-BB5A-9CC8B0EEB166}"
EndProject
Project("{FAE04EC0-301F-11D3-BF4B-00C04F79EFBC}") = "StringManipulationLecture3", "StringManipulationLecture3\StringManipulationLecture3.csproj", "{989BBEE2-A56C-4C64-A79C-B6C1260C2E98}"
EndProject
Project("{FAE04EC0-301F-11D3-BF4B-00C04F79EFBC}") = "ArraysLecture", "ArraysLecture\ArraysLecture.csproj", "{6836FCA1-BF99-4D1B-88EC-B505E079B20F}"
EndProject
Project("{FAE04EC0-301F-11D3-BF4B-00C04F79EFBC}") = "ValueVsReferenceTypesLecture", "ValueVsReferenceTypesLecture\ValueVsReferenceTypesLecture.csproj", "{71A0CBD7-41C1-4592-AF03-9BBC9E0795E5}"
EndProject
Project("{FAE04EC0-301F-11D3-BF4B-00C04F79EFBC}") = "ValueVsReferenceTypesLecture2", "ValueVsReferenceTypesLecture2\ValueVsReferenceTypesLecture2.csproj", "{564A9F34-458D-47CA-A314-699EC2FC9871}"
EndProject
Project("{FAE04EC0-301F-11D3-BF4B-00C04F79EFBC}") = "ListsLecture", "ListsLecture\ListsLecture.csproj", "{ACFC1A71-5B4B-4BEC-8989-FE5688474DB2}"
EndProject
Project("{FAE04EC0-301F-11D3-BF4B-00C04F79EFBC}") = "ListsLecture2", "ListsLecture2\ListsLecture2.csproj", "{3BFCEAD6-1E23-443F-9C28-C70DF42F8524}"
EndProject
Project("{FAE04EC0-301F-11D3-BF4B-00C04F79EFBC}") = "EnumerationsLecture", "EnumerationsLecture\EnumerationsLecture.csproj", "{55625CA8-8B6F-45A4-A827-332B706C9E7E}"
EndProject
Project("{FAE04EC0-301F-11D3-BF4B-00C04F79EFBC}") = "DataTypesExercise", "DataTypesExercise\DataTypesExercise.csproj", "{8C992AF2-0933-43EE-8D03-99553E754F61}"
EndProject
Project("{FAE04EC0-301F-11D3-BF4B-00C04F79EFBC}") = "DataTypesExercise2", "DataTypesExercise2\DataTypesExercise2.csproj", "{A55FCADD-724D-4D0C-81E3-8BFD2CF308CE}"
EndProject
Project("{FAE04EC0-301F-11D3-BF4B-00C04F79EFBC}") = "IntroToOOPLecture", "IntroToOOPLecture\IntroToOOPLecture.csproj", "{26524278-60B4-4D2C-8B62-0AF163AD3735}"
EndProject
Project("{FAE04EC0-301F-11D3-BF4B-00C04F79EFBC}") = "IntroToOOPLecture2", "IntroToOOPLecture2\IntroToOOPLecture2.csproj", "{2A5CBCA4-E841-41B2-829B-CF5A55CA1FEC}"
EndProject
Project("{FAE04EC0-301F-11D3-BF4B-00C04F79EFBC}") = "IntroToOOPLecture3", "IntroToOOPLecture3\IntroToOOPLecture3.csproj", "{2913CA60-62A5-42E8-B83C-8485B88D2977}"
EndProject
Project("{FAE04EC0-301F-11D3-BF4B-00C04F79EFBC}") = "ExistingCode", "ExistingCode\ExistingCode.csproj", "{9CED3088-697F-47C9-97EE-CE412989791B}"
EndProject
Project("{FAE04EC0-301F-11D3-BF4B-00C04F79EFBC}") = "MyNamespace", "MyNamespace\MyNamespace.csproj", "{A6425744-824D-41F8-BCF2-71FE4FF6AC74}"
EndProject
Project("{FAE04EC0-301F-11D3-BF4B-00C04F79EFBC}") = "ConstructorsLecture", "ConstructorsLecture\ConstructorsLecture.csproj", "{851E7062-9CE1-462A-823C-4E354183000C}"
EndProject
Project("{FAE04EC0-301F-11D3-BF4B-00C04F79EFBC}") = "PublicVsPrivateLecture", "PublicVsPrivateLecture\PublicVsPrivateLecture.csproj", "{4B582FAC-FBE2-4DAF-897B-3D67A24587EF}"
EndProject
Project("{FAE04EC0-301F-11D3-BF4B-00C04F79EFBC}") = "StaticLecture", "StaticLecture\StaticLecture.csproj", "{E87B4EC6-F310-4E2C-A8AE-31D09A8D5974}"
EndProject
Global
	GlobalSection(SolutionConfigurationPlatforms) = preSolution
		Debug|Any CPU = Debug|Any CPU
		Release|Any CPU = Release|Any CPU
	EndGlobalSection
	GlobalSection(ProjectConfigurationPlatforms) = postSolution
		{DABEE70D-2BC8-460C-903C-79AC58510D77}.Debug|Any CPU.ActiveCfg = Debug|Any CPU
		{DABEE70D-2BC8-460C-903C-79AC58510D77}.Debug|Any CPU.Build.0 = Debug|Any CPU
		{DABEE70D-2BC8-460C-903C-79AC58510D77}.Release|Any CPU.ActiveCfg = Release|Any CPU
		{DABEE70D-2BC8-460C-903C-79AC58510D77}.Release|Any CPU.Build.0 = Release|Any CPU
		{432DC579-A0F5-4779-9205-D5986EFDDD7F}.Debug|Any CPU.ActiveCfg = Debug|Any CPU
		{432DC579-A0F5-4779-9205-D5986EFDDD7F}.Debug|Any CPU.Build.0 = Debug|Any CPU
		{432DC579-A0F5-4779-9205-D5986EFDDD7F}.Release|Any CPU.ActiveCfg = Release|Any CPU
		{432DC579-A0F5-4779-9205-D5986EFDDD7F}.Release|Any CPU.Build.0 = Release|Any CPU
		{0338B778-8E17-4D59-8FE6-63874BC8ECC7}.Debug|Any CPU.ActiveCfg = Debug|Any CPU
		{0338B778-8E17-4D59-8FE6-63874BC8ECC7}.Debug|Any CPU.Build.0 = Debug|Any CPU
		{0338B778-8E17-4D59-8FE6-63874BC8ECC7}.Release|Any CPU.ActiveCfg = Release|Any CPU
		{0338B778-8E17-4D59-8FE6-63874BC8ECC7}.Release|Any CPU.Build.0 = Release|Any CPU
		{BF60EB5F-9232-4ADA-9426-17E3078D373E}.Debug|Any CPU.ActiveCfg = Debug|Any CPU
		{BF60EB5F-9232-4ADA-9426-17E3078D373E}.Debug|Any CPU.Build.0 = Debug|Any CPU
		{BF60EB5F-9232-4ADA-9426-17E3078D373E}.Release|Any CPU.ActiveCfg = Release|Any CPU
		{BF60EB5F-9232-4ADA-9426-17E3078D373E}.Release|Any CPU.Build.0 = Release|Any CPU
		{1F43E25F-3409-463B-97AB-7C195CEA9B45}.Debug|Any CPU.ActiveCfg = Debug|Any CPU
		{1F43E25F-3409-463B-97AB-7C195CEA9B45}.Debug|Any CPU.Build.0 = Debug|Any CPU
		{1F43E25F-3409-463B-97AB-7C195CEA9B45}.Release|Any CPU.ActiveCfg = Release|Any CPU
		{1F43E25F-3409-463B-97AB-7C195CEA9B45}.Release|Any CPU.Build.0 = Release|Any CPU
		{16A852F0-8EFC-45D4-8850-66512EC28E33}.Debug|Any CPU.ActiveCfg = Debug|Any CPU
		{16A852F0-8EFC-45D4-8850-66512EC28E33}.Debug|Any CPU.Build.0 = Debug|Any CPU
		{16A852F0-8EFC-45D4-8850-66512EC28E33}.Release|Any CPU.ActiveCfg = Release|Any CPU
		{16A852F0-8EFC-45D4-8850-66512EC28E33}.Release|Any CPU.Build.0 = Release|Any CPU
		{15686E25-1F07-4926-B0AE-27D43EBFB27C}.Debug|Any CPU.ActiveCfg = Debug|Any CPU
		{15686E25-1F07-4926-B0AE-27D43EBFB27C}.Debug|Any CPU.Build.0 = Debug|Any CPU
		{15686E25-1F07-4926-B0AE-27D43EBFB27C}.Release|Any CPU.ActiveCfg = Release|Any CPU
		{15686E25-1F07-4926-B0AE-27D43EBFB27C}.Release|Any CPU.Build.0 = Release|Any CPU
		{88135C80-BC84-4B62-B760-896F9F94C22A}.Debug|Any CPU.ActiveCfg = Debug|Any CPU
		{88135C80-BC84-4B62-B760-896F9F94C22A}.Debug|Any CPU.Build.0 = Debug|Any CPU
		{88135C80-BC84-4B62-B760-896F9F94C22A}.Release|Any CPU.ActiveCfg = Release|Any CPU
		{88135C80-BC84-4B62-B760-896F9F94C22A}.Release|Any CPU.Build.0 = Release|Any CPU
		{1FCBAA45-0ED9-4C89-B86D-E1EEC10D59DE}.Debug|Any CPU.ActiveCfg = Debug|Any CPU
		{1FCBAA45-0ED9-4C89-B86D-E1EEC10D59DE}.Debug|Any CPU.Build.0 = Debug|Any CPU
		{1FCBAA45-0ED9-4C89-B86D-E1EEC10D59DE}.Release|Any CPU.ActiveCfg = Release|Any CPU
		{1FCBAA45-0ED9-4C89-B86D-E1EEC10D59DE}.Release|Any CPU.Build.0 = Release|Any CPU
		{ED8BEB06-2708-44A9-9BCB-A861043C93BE}.Debug|Any CPU.ActiveCfg = Debug|Any CPU
		{ED8BEB06-2708-44A9-9BCB-A861043C93BE}.Debug|Any CPU.Build.0 = Debug|Any CPU
		{ED8BEB06-2708-44A9-9BCB-A861043C93BE}.Release|Any CPU.ActiveCfg = Release|Any CPU
		{ED8BEB06-2708-44A9-9BCB-A861043C93BE}.Release|Any CPU.Build.0 = Release|Any CPU
		{AA86A70B-8DF1-4E51-B89A-8908B1F50733}.Debug|Any CPU.ActiveCfg = Debug|Any CPU
		{AA86A70B-8DF1-4E51-B89A-8908B1F50733}.Debug|Any CPU.Build.0 = Debug|Any CPU
		{AA86A70B-8DF1-4E51-B89A-8908B1F50733}.Release|Any CPU.ActiveCfg = Release|Any CPU
		{AA86A70B-8DF1-4E51-B89A-8908B1F50733}.Release|Any CPU.Build.0 = Release|Any CPU
		{5C09942A-A1C3-4E44-97A6-00ED1148C1F6}.Debug|Any CPU.ActiveCfg = Debug|Any CPU
		{5C09942A-A1C3-4E44-97A6-00ED1148C1F6}.Debug|Any CPU.Build.0 = Debug|Any CPU
		{5C09942A-A1C3-4E44-97A6-00ED1148C1F6}.Release|Any CPU.ActiveCfg = Release|Any CPU
		{5C09942A-A1C3-4E44-97A6-00ED1148C1F6}.Release|Any CPU.Build.0 = Release|Any CPU
		{7E19B58F-430C-4707-8A1B-E4595F06CB84}.Debug|Any CPU.ActiveCfg = Debug|Any CPU
		{7E19B58F-430C-4707-8A1B-E4595F06CB84}.Debug|Any CPU.Build.0 = Debug|Any CPU
		{7E19B58F-430C-4707-8A1B-E4595F06CB84}.Release|Any CPU.ActiveCfg = Release|Any CPU
		{7E19B58F-430C-4707-8A1B-E4595F06CB84}.Release|Any CPU.Build.0 = Release|Any CPU
		{81DF70A6-B41F-41AD-9AB4-3367957FF437}.Debug|Any CPU.ActiveCfg = Debug|Any CPU
		{81DF70A6-B41F-41AD-9AB4-3367957FF437}.Debug|Any CPU.Build.0 = Debug|Any CPU
		{81DF70A6-B41F-41AD-9AB4-3367957FF437}.Release|Any CPU.ActiveCfg = Release|Any CPU
		{81DF70A6-B41F-41AD-9AB4-3367957FF437}.Release|Any CPU.Build.0 = Release|Any CPU
		{298979BB-16B4-431A-9E19-5F39A86356A2}.Debug|Any CPU.ActiveCfg = Debug|Any CPU
		{298979BB-16B4-431A-9E19-5F39A86356A2}.Debug|Any CPU.Build.0 = Debug|Any CPU
		{298979BB-16B4-431A-9E19-5F39A86356A2}.Release|Any CPU.ActiveCfg = Release|Any CPU
		{298979BB-16B4-431A-9E19-5F39A86356A2}.Release|Any CPU.Build.0 = Release|Any CPU
		{43B0F7F3-F4FD-4F0E-846B-3EE27BA52D8E}.Debug|Any CPU.ActiveCfg = Debug|Any CPU
		{43B0F7F3-F4FD-4F0E-846B-3EE27BA52D8E}.Debug|Any CPU.Build.0 = Debug|Any CPU
		{43B0F7F3-F4FD-4F0E-846B-3EE27BA52D8E}.Release|Any CPU.ActiveCfg = Release|Any CPU
		{43B0F7F3-F4FD-4F0E-846B-3EE27BA52D8E}.Release|Any CPU.Build.0 = Release|Any CPU
		{E76F7462-1109-4A2A-A089-0CD65548625F}.Debug|Any CPU.ActiveCfg = Debug|Any CPU
		{E76F7462-1109-4A2A-A089-0CD65548625F}.Debug|Any CPU.Build.0 = Debug|Any CPU
		{E76F7462-1109-4A2A-A089-0CD65548625F}.Release|Any CPU.ActiveCfg = Release|Any CPU
		{E76F7462-1109-4A2A-A089-0CD65548625F}.Release|Any CPU.Build.0 = Release|Any CPU
		{BB2D2932-8984-4C65-8809-FE0852B126AF}.Debug|Any CPU.ActiveCfg = Debug|Any CPU
		{BB2D2932-8984-4C65-8809-FE0852B126AF}.Debug|Any CPU.Build.0 = Debug|Any CPU
		{BB2D2932-8984-4C65-8809-FE0852B126AF}.Release|Any CPU.ActiveCfg = Release|Any CPU
		{BB2D2932-8984-4C65-8809-FE0852B126AF}.Release|Any CPU.Build.0 = Release|Any CPU
		{CB950A05-8411-4098-AF8E-CB036131C12A}.Debug|Any CPU.ActiveCfg = Debug|Any CPU
		{CB950A05-8411-4098-AF8E-CB036131C12A}.Debug|Any CPU.Build.0 = Debug|Any CPU
		{CB950A05-8411-4098-AF8E-CB036131C12A}.Release|Any CPU.ActiveCfg = Release|Any CPU
		{CB950A05-8411-4098-AF8E-CB036131C12A}.Release|Any CPU.Build.0 = Release|Any CPU
		{30BEC62C-B839-450F-BC41-02C4CCA1892C}.Debug|Any CPU.ActiveCfg = Debug|Any CPU
		{30BEC62C-B839-450F-BC41-02C4CCA1892C}.Debug|Any CPU.Build.0 = Debug|Any CPU
		{30BEC62C-B839-450F-BC41-02C4CCA1892C}.Release|Any CPU.ActiveCfg = Release|Any CPU
		{30BEC62C-B839-450F-BC41-02C4CCA1892C}.Release|Any CPU.Build.0 = Release|Any CPU
		{D4B2319F-9CBE-418F-BB95-2FF493F78697}.Debug|Any CPU.ActiveCfg = Debug|Any CPU
		{D4B2319F-9CBE-418F-BB95-2FF493F78697}.Debug|Any CPU.Build.0 = Debug|Any CPU
		{D4B2319F-9CBE-418F-BB95-2FF493F78697}.Release|Any CPU.ActiveCfg = Release|Any CPU
		{D4B2319F-9CBE-418F-BB95-2FF493F78697}.Release|Any CPU.Build.0 = Release|Any CPU
		{1859C8D2-B430-475C-BBDD-78AF7A32BEAD}.Debug|Any CPU.ActiveCfg = Debug|Any CPU
		{1859C8D2-B430-475C-BBDD-78AF7A32BEAD}.Debug|Any CPU.Build.0 = Debug|Any CPU
		{1859C8D2-B430-475C-BBDD-78AF7A32BEAD}.Release|Any CPU.ActiveCfg = Release|Any CPU
		{1859C8D2-B430-475C-BBDD-78AF7A32BEAD}.Release|Any CPU.Build.0 = Release|Any CPU
		{2822DC2E-610A-4394-BF20-9655D23BB55B}.Debug|Any CPU.ActiveCfg = Debug|Any CPU
		{2822DC2E-610A-4394-BF20-9655D23BB55B}.Debug|Any CPU.Build.0 = Debug|Any CPU
		{2822DC2E-610A-4394-BF20-9655D23BB55B}.Release|Any CPU.ActiveCfg = Release|Any CPU
		{2822DC2E-610A-4394-BF20-9655D23BB55B}.Release|Any CPU.Build.0 = Release|Any CPU
		{A7E5E3AC-B829-4E63-847D-65FEEFAB8BEF}.Debug|Any CPU.ActiveCfg = Debug|Any CPU
		{A7E5E3AC-B829-4E63-847D-65FEEFAB8BEF}.Debug|Any CPU.Build.0 = Debug|Any CPU
		{A7E5E3AC-B829-4E63-847D-65FEEFAB8BEF}.Release|Any CPU.ActiveCfg = Release|Any CPU
		{A7E5E3AC-B829-4E63-847D-65FEEFAB8BEF}.Release|Any CPU.Build.0 = Release|Any CPU
		{CF0F6198-9B86-46D3-9F98-9ACA2DBF14BD}.Debug|Any CPU.ActiveCfg = Debug|Any CPU
		{CF0F6198-9B86-46D3-9F98-9ACA2DBF14BD}.Debug|Any CPU.Build.0 = Debug|Any CPU
		{CF0F6198-9B86-46D3-9F98-9ACA2DBF14BD}.Release|Any CPU.ActiveCfg = Release|Any CPU
		{CF0F6198-9B86-46D3-9F98-9ACA2DBF14BD}.Release|Any CPU.Build.0 = Release|Any CPU
		{534AF998-8C6E-44AE-BEF9-A4863D640FBB}.Debug|Any CPU.ActiveCfg = Debug|Any CPU
		{534AF998-8C6E-44AE-BEF9-A4863D640FBB}.Debug|Any CPU.Build.0 = Debug|Any CPU
		{534AF998-8C6E-44AE-BEF9-A4863D640FBB}.Release|Any CPU.ActiveCfg = Release|Any CPU
		{534AF998-8C6E-44AE-BEF9-A4863D640FBB}.Release|Any CPU.Build.0 = Release|Any CPU
		{24DEB462-0B68-4C83-8A00-EB92878BDF91}.Debug|Any CPU.ActiveCfg = Debug|Any CPU
		{24DEB462-0B68-4C83-8A00-EB92878BDF91}.Debug|Any CPU.Build.0 = Debug|Any CPU
		{24DEB462-0B68-4C83-8A00-EB92878BDF91}.Release|Any CPU.ActiveCfg = Release|Any CPU
		{24DEB462-0B68-4C83-8A00-EB92878BDF91}.Release|Any CPU.Build.0 = Release|Any CPU
		{51A63202-E398-4AE4-B546-0FBB461C77FE}.Debug|Any CPU.ActiveCfg = Debug|Any CPU
		{51A63202-E398-4AE4-B546-0FBB461C77FE}.Debug|Any CPU.Build.0 = Debug|Any CPU
		{51A63202-E398-4AE4-B546-0FBB461C77FE}.Release|Any CPU.ActiveCfg = Release|Any CPU
		{51A63202-E398-4AE4-B546-0FBB461C77FE}.Release|Any CPU.Build.0 = Release|Any CPU
		{6E566BA4-507E-4713-9552-3FAE4F14BC93}.Debug|Any CPU.ActiveCfg = Debug|Any CPU
		{6E566BA4-507E-4713-9552-3FAE4F14BC93}.Debug|Any CPU.Build.0 = Debug|Any CPU
		{6E566BA4-507E-4713-9552-3FAE4F14BC93}.Release|Any CPU.ActiveCfg = Release|Any CPU
		{6E566BA4-507E-4713-9552-3FAE4F14BC93}.Release|Any CPU.Build.0 = Release|Any CPU
		{85D4B79C-BF03-4B35-8BE0-80D2901AEA01}.Debug|Any CPU.ActiveCfg = Debug|Any CPU
		{85D4B79C-BF03-4B35-8BE0-80D2901AEA01}.Debug|Any CPU.Build.0 = Debug|Any CPU
		{85D4B79C-BF03-4B35-8BE0-80D2901AEA01}.Release|Any CPU.ActiveCfg = Release|Any CPU
		{85D4B79C-BF03-4B35-8BE0-80D2901AEA01}.Release|Any CPU.Build.0 = Release|Any CPU
		{96E808AC-5788-45A7-88CC-9DCD22D0C510}.Debug|Any CPU.ActiveCfg = Debug|Any CPU
		{96E808AC-5788-45A7-88CC-9DCD22D0C510}.Debug|Any CPU.Build.0 = Debug|Any CPU
		{96E808AC-5788-45A7-88CC-9DCD22D0C510}.Release|Any CPU.ActiveCfg = Release|Any CPU
		{96E808AC-5788-45A7-88CC-9DCD22D0C510}.Release|Any CPU.Build.0 = Release|Any CPU
		{F2CEDE14-7DEF-4AF5-BB5A-9CC8B0EEB166}.Debug|Any CPU.ActiveCfg = Debug|Any CPU
		{F2CEDE14-7DEF-4AF5-BB5A-9CC8B0EEB166}.Debug|Any CPU.Build.0 = Debug|Any CPU
		{F2CEDE14-7DEF-4AF5-BB5A-9CC8B0EEB166}.Release|Any CPU.ActiveCfg = Release|Any CPU
		{F2CEDE14-7DEF-4AF5-BB5A-9CC8B0EEB166}.Release|Any CPU.Build.0 = Release|Any CPU
		{989BBEE2-A56C-4C64-A79C-B6C1260C2E98}.Debug|Any CPU.ActiveCfg = Debug|Any CPU
		{989BBEE2-A56C-4C64-A79C-B6C1260C2E98}.Debug|Any CPU.Build.0 = Debug|Any CPU
		{989BBEE2-A56C-4C64-A79C-B6C1260C2E98}.Release|Any CPU.ActiveCfg = Release|Any CPU
		{989BBEE2-A56C-4C64-A79C-B6C1260C2E98}.Release|Any CPU.Build.0 = Release|Any CPU
		{6836FCA1-BF99-4D1B-88EC-B505E079B20F}.Debug|Any CPU.ActiveCfg = Debug|Any CPU
		{6836FCA1-BF99-4D1B-88EC-B505E079B20F}.Debug|Any CPU.Build.0 = Debug|Any CPU
		{6836FCA1-BF99-4D1B-88EC-B505E079B20F}.Release|Any CPU.ActiveCfg = Release|Any CPU
		{6836FCA1-BF99-4D1B-88EC-B505E079B20F}.Release|Any CPU.Build.0 = Release|Any CPU
		{71A0CBD7-41C1-4592-AF03-9BBC9E0795E5}.Debug|Any CPU.ActiveCfg = Debug|Any CPU
		{71A0CBD7-41C1-4592-AF03-9BBC9E0795E5}.Debug|Any CPU.Build.0 = Debug|Any CPU
		{71A0CBD7-41C1-4592-AF03-9BBC9E0795E5}.Release|Any CPU.ActiveCfg = Release|Any CPU
		{71A0CBD7-41C1-4592-AF03-9BBC9E0795E5}.Release|Any CPU.Build.0 = Release|Any CPU
		{564A9F34-458D-47CA-A314-699EC2FC9871}.Debug|Any CPU.ActiveCfg = Debug|Any CPU
		{564A9F34-458D-47CA-A314-699EC2FC9871}.Debug|Any CPU.Build.0 = Debug|Any CPU
		{564A9F34-458D-47CA-A314-699EC2FC9871}.Release|Any CPU.ActiveCfg = Release|Any CPU
		{564A9F34-458D-47CA-A314-699EC2FC9871}.Release|Any CPU.Build.0 = Release|Any CPU
		{ACFC1A71-5B4B-4BEC-8989-FE5688474DB2}.Debug|Any CPU.ActiveCfg = Debug|Any CPU
		{ACFC1A71-5B4B-4BEC-8989-FE5688474DB2}.Debug|Any CPU.Build.0 = Debug|Any CPU
		{ACFC1A71-5B4B-4BEC-8989-FE5688474DB2}.Release|Any CPU.ActiveCfg = Release|Any CPU
		{ACFC1A71-5B4B-4BEC-8989-FE5688474DB2}.Release|Any CPU.Build.0 = Release|Any CPU
		{3BFCEAD6-1E23-443F-9C28-C70DF42F8524}.Debug|Any CPU.ActiveCfg = Debug|Any CPU
		{3BFCEAD6-1E23-443F-9C28-C70DF42F8524}.Debug|Any CPU.Build.0 = Debug|Any CPU
		{3BFCEAD6-1E23-443F-9C28-C70DF42F8524}.Release|Any CPU.ActiveCfg = Release|Any CPU
		{3BFCEAD6-1E23-443F-9C28-C70DF42F8524}.Release|Any CPU.Build.0 = Release|Any CPU
		{55625CA8-8B6F-45A4-A827-332B706C9E7E}.Debug|Any CPU.ActiveCfg = Debug|Any CPU
		{55625CA8-8B6F-45A4-A827-332B706C9E7E}.Debug|Any CPU.Build.0 = Debug|Any CPU
		{55625CA8-8B6F-45A4-A827-332B706C9E7E}.Release|Any CPU.ActiveCfg = Release|Any CPU
		{55625CA8-8B6F-45A4-A827-332B706C9E7E}.Release|Any CPU.Build.0 = Release|Any CPU
		{8C992AF2-0933-43EE-8D03-99553E754F61}.Debug|Any CPU.ActiveCfg = Debug|Any CPU
		{8C992AF2-0933-43EE-8D03-99553E754F61}.Debug|Any CPU.Build.0 = Debug|Any CPU
		{8C992AF2-0933-43EE-8D03-99553E754F61}.Release|Any CPU.ActiveCfg = Release|Any CPU
		{8C992AF2-0933-43EE-8D03-99553E754F61}.Release|Any CPU.Build.0 = Release|Any CPU
		{A55FCADD-724D-4D0C-81E3-8BFD2CF308CE}.Debug|Any CPU.ActiveCfg = Debug|Any CPU
		{A55FCADD-724D-4D0C-81E3-8BFD2CF308CE}.Debug|Any CPU.Build.0 = Debug|Any CPU
		{A55FCADD-724D-4D0C-81E3-8BFD2CF308CE}.Release|Any CPU.ActiveCfg = Release|Any CPU
		{A55FCADD-724D-4D0C-81E3-8BFD2CF308CE}.Release|Any CPU.Build.0 = Release|Any CPU
		{26524278-60B4-4D2C-8B62-0AF163AD3735}.Debug|Any CPU.ActiveCfg = Debug|Any CPU
		{26524278-60B4-4D2C-8B62-0AF163AD3735}.Debug|Any CPU.Build.0 = Debug|Any CPU
		{26524278-60B4-4D2C-8B62-0AF163AD3735}.Release|Any CPU.ActiveCfg = Release|Any CPU
		{26524278-60B4-4D2C-8B62-0AF163AD3735}.Release|Any CPU.Build.0 = Release|Any CPU
		{2A5CBCA4-E841-41B2-829B-CF5A55CA1FEC}.Debug|Any CPU.ActiveCfg = Debug|Any CPU
		{2A5CBCA4-E841-41B2-829B-CF5A55CA1FEC}.Debug|Any CPU.Build.0 = Debug|Any CPU
		{2A5CBCA4-E841-41B2-829B-CF5A55CA1FEC}.Release|Any CPU.ActiveCfg = Release|Any CPU
		{2A5CBCA4-E841-41B2-829B-CF5A55CA1FEC}.Release|Any CPU.Build.0 = Release|Any CPU
		{2913CA60-62A5-42E8-B83C-8485B88D2977}.Debug|Any CPU.ActiveCfg = Debug|Any CPU
		{2913CA60-62A5-42E8-B83C-8485B88D2977}.Debug|Any CPU.Build.0 = Debug|Any CPU
		{2913CA60-62A5-42E8-B83C-8485B88D2977}.Release|Any CPU.ActiveCfg = Release|Any CPU
		{2913CA60-62A5-42E8-B83C-8485B88D2977}.Release|Any CPU.Build.0 = Release|Any CPU
		{9CED3088-697F-47C9-97EE-CE412989791B}.Debug|Any CPU.ActiveCfg = Debug|Any CPU
		{9CED3088-697F-47C9-97EE-CE412989791B}.Debug|Any CPU.Build.0 = Debug|Any CPU
		{9CED3088-697F-47C9-97EE-CE412989791B}.Release|Any CPU.ActiveCfg = Release|Any CPU
		{9CED3088-697F-47C9-97EE-CE412989791B}.Release|Any CPU.Build.0 = Release|Any CPU
		{A6425744-824D-41F8-BCF2-71FE4FF6AC74}.Debug|Any CPU.ActiveCfg = Debug|Any CPU
		{A6425744-824D-41F8-BCF2-71FE4FF6AC74}.Debug|Any CPU.Build.0 = Debug|Any CPU
		{A6425744-824D-41F8-BCF2-71FE4FF6AC74}.Release|Any CPU.ActiveCfg = Release|Any CPU
		{A6425744-824D-41F8-BCF2-71FE4FF6AC74}.Release|Any CPU.Build.0 = Release|Any CPU
		{851E7062-9CE1-462A-823C-4E354183000C}.Debug|Any CPU.ActiveCfg = Debug|Any CPU
		{851E7062-9CE1-462A-823C-4E354183000C}.Debug|Any CPU.Build.0 = Debug|Any CPU
		{851E7062-9CE1-462A-823C-4E354183000C}.Release|Any CPU.ActiveCfg = Release|Any CPU
		{851E7062-9CE1-462A-823C-4E354183000C}.Release|Any CPU.Build.0 = Release|Any CPU
		{4B582FAC-FBE2-4DAF-897B-3D67A24587EF}.Debug|Any CPU.ActiveCfg = Debug|Any CPU
		{4B582FAC-FBE2-4DAF-897B-3D67A24587EF}.Debug|Any CPU.Build.0 = Debug|Any CPU
		{4B582FAC-FBE2-4DAF-897B-3D67A24587EF}.Release|Any CPU.ActiveCfg = Release|Any CPU
		{4B582FAC-FBE2-4DAF-897B-3D67A24587EF}.Release|Any CPU.Build.0 = Release|Any CPU
		{E87B4EC6-F310-4E2C-A8AE-31D09A8D5974}.Debug|Any CPU.ActiveCfg = Debug|Any CPU
		{E87B4EC6-F310-4E2C-A8AE-31D09A8D5974}.Debug|Any CPU.Build.0 = Debug|Any CPU
		{E87B4EC6-F310-4E2C-A8AE-31D09A8D5974}.Release|Any CPU.ActiveCfg = Release|Any CPU
		{E87B4EC6-F310-4E2C-A8AE-31D09A8D5974}.Release|Any CPU.Build.0 = Release|Any CPU
	EndGlobalSection
	GlobalSection(SolutionProperties) = preSolution
		HideSolutionNode = FALSE
	EndGlobalSection
	GlobalSection(ExtensibilityGlobals) = postSolution
		SolutionGuid = {3A07FDD9-AA80-48E3-A372-3415FF1C9880}
	EndGlobalSection
EndGlobal
