
Microsoft Visual Studio Solution File, Format Version 12.00
# Visual Studio 15
VisualStudioVersion = 15.0.28307.1000
MinimumVisualStudioVersion = 10.0.40219.1
Project("{FAE04EC0-301F-11D3-BF4B-00C04F79EFBC}") = "learn-how-to-code-solution", "learn-how-to-code-solution\learn-how-to-code-solution.csproj", "{DABEE70D-2BC8-460C-903C-79AC58510D77}"
EndProject
Project("{FAE04EC0-301F-11D3-BF4B-00C04F79EFBC}") = "VariablesLecture", "..\VariablesLecture\VariablesLecture.csproj", "{432DC579-A0F5-4779-9205-D5986EFDDD7F}"
EndProject
Project("{FAE04EC0-301F-11D3-BF4B-00C04F79EFBC}") = "OperatorsLecture", "OperatorsLecture\OperatorsLecture.csproj", "{0338B778-8E17-4D59-8FE6-63874BC8ECC7}"
EndProject
Project("{FAE04EC0-301F-11D3-BF4B-00C04F79EFBC}") = "UserInputLecture", "UserInputLecture\UserInputLecture.csproj", "{BF60EB5F-9232-4ADA-9426-17E3078D373E}"
EndProject
Project("{FAE04EC0-301F-11D3-BF4B-00C04F79EFBC}") = "UserInputLecture2", "UserInputLecture2\UserInputLecture2.csproj", "{1F43E25F-3409-463B-97AB-7C195CEA9B45}"
EndProject
Project("{FAE04EC0-301F-11D3-BF4B-00C04F79EFBC}") = "UserInputLecture3", "UserInputLecture3\UserInputLecture3.csproj", "{16A852F0-8EFC-45D4-8850-66512EC28E33}"
EndProject
Global
	GlobalSection(SolutionConfigurationPlatforms) = preSolution
		Debug|Any CPU = Debug|Any CPU
		Release|Any CPU = Release|Any CPU
	EndGlobalSection
	GlobalSection(ProjectConfigurationPlatforms) = postSolution
		{DABEE70D-2BC8-460C-903C-79AC58510D77}.Debug|Any CPU.ActiveCfg = Debug|Any CPU
		{DABEE70D-2BC8-460C-903C-79AC58510D77}.Debug|Any CPU.Build.0 = Debug|Any CPU
		{DABEE70D-2BC8-460C-903C-79AC58510D77}.Release|Any CPU.ActiveCfg = Release|Any CPU
		{DABEE70D-2BC8-460C-903C-79AC58510D77}.Release|Any CPU.Build.0 = Release|Any CPU
		{432DC579-A0F5-4779-9205-D5986EFDDD7F}.Debug|Any CPU.ActiveCfg = Debug|Any CPU
		{432DC579-A0F5-4779-9205-D5986EFDDD7F}.Debug|Any CPU.Build.0 = Debug|Any CPU
		{432DC579-A0F5-4779-9205-D5986EFDDD7F}.Release|Any CPU.ActiveCfg = Release|Any CPU
		{432DC579-A0F5-4779-9205-D5986EFDDD7F}.Release|Any CPU.Build.0 = Release|Any CPU
		{0338B778-8E17-4D59-8FE6-63874BC8ECC7}.Debug|Any CPU.ActiveCfg = Debug|Any CPU
		{0338B778-8E17-4D59-8FE6-63874BC8ECC7}.Debug|Any CPU.Build.0 = Debug|Any CPU
		{0338B778-8E17-4D59-8FE6-63874BC8ECC7}.Release|Any CPU.ActiveCfg = Release|Any CPU
		{0338B778-8E17-4D59-8FE6-63874BC8ECC7}.Release|Any CPU.Build.0 = Release|Any CPU
		{BF60EB5F-9232-4ADA-9426-17E3078D373E}.Debug|Any CPU.ActiveCfg = Debug|Any CPU
		{BF60EB5F-9232-4ADA-9426-17E3078D373E}.Debug|Any CPU.Build.0 = Debug|Any CPU
		{BF60EB5F-9232-4ADA-9426-17E3078D373E}.Release|Any CPU.ActiveCfg = Release|Any CPU
		{BF60EB5F-9232-4ADA-9426-17E3078D373E}.Release|Any CPU.Build.0 = Release|Any CPU
		{1F43E25F-3409-463B-97AB-7C195CEA9B45}.Debug|Any CPU.ActiveCfg = Debug|Any CPU
		{1F43E25F-3409-463B-97AB-7C195CEA9B45}.Debug|Any CPU.Build.0 = Debug|Any CPU
		{1F43E25F-3409-463B-97AB-7C195CEA9B45}.Release|Any CPU.ActiveCfg = Release|Any CPU
		{1F43E25F-3409-463B-97AB-7C195CEA9B45}.Release|Any CPU.Build.0 = Release|Any CPU
		{16A852F0-8EFC-45D4-8850-66512EC28E33}.Debug|Any CPU.ActiveCfg = Debug|Any CPU
		{16A852F0-8EFC-45D4-8850-66512EC28E33}.Debug|Any CPU.Build.0 = Debug|Any CPU
		{16A852F0-8EFC-45D4-8850-66512EC28E33}.Release|Any CPU.ActiveCfg = Release|Any CPU
		{16A852F0-8EFC-45D4-8850-66512EC28E33}.Release|Any CPU.Build.0 = Release|Any CPU
	EndGlobalSection
	GlobalSection(SolutionProperties) = preSolution
		HideSolutionNode = FALSE
	EndGlobalSection
	GlobalSection(ExtensibilityGlobals) = postSolution
		SolutionGuid = {3A07FDD9-AA80-48E3-A372-3415FF1C9880}
	EndGlobalSection
EndGlobal
